{
  "name": "hydejack",
  "version": "8.5.2",
  "lockfileVersion": 1,
  "requires": true,
  "dependencies": {
    "@babel/polyfill": {
      "version": "7.12.1",
      "resolved": "https://registry.npmjs.org/@babel/polyfill/-/polyfill-7.12.1.tgz",
      "integrity": "sha512-X0pi0V6gxLi6lFZpGmeNa4zxtwEmCs42isWLNjZZDE0Y8yVfgu0T2OAHlzBbdYlqbW/YXVvoBHpATEM+goCj8g==",
      "dev": true,
      "requires": {
        "core-js": "^2.6.5",
        "regenerator-runtime": "^0.13.4"
      },
      "dependencies": {
        "core-js": {
          "version": "2.6.12",
          "resolved": "https://registry.npmjs.org/core-js/-/core-js-2.6.12.tgz",
          "integrity": "sha512-Kb2wC0fvsWfQrgk8HU5lW6U/Lcs8+9aaYcy4ZFc6DDlo4nZ7n70dEgE5rtR0oG6ufKDUnrwfWL1mXR5ljDatrQ==",
          "dev": true
        },
        "regenerator-runtime": {
          "version": "0.13.9",
          "resolved": "https://registry.npmjs.org/regenerator-runtime/-/regenerator-runtime-0.13.9.tgz",
          "integrity": "sha512-p3VT+cOEgxFsRRA9X4lkI1E+k2/CtnKtU4gcxyaCUreilL/vqI6CdZ3wxVUx3UOUg+gnUOQQcRI7BmSI656MYA==",
          "dev": true
        }
      }
    },
    "@webcomponents/custom-elements": {
      "version": "1.5.0",
      "resolved": "https://registry.npmjs.org/@webcomponents/custom-elements/-/custom-elements-1.5.0.tgz",
      "integrity": "sha512-c+7jPQCs9h/BYVcZ2Kna/3tsl3A/9EyXfvWjp5RiTDm1OpTcbZaCa1z4RNcTe/hUtXaqn64JjNW1yrWT+rZ8gg=="
    },
    "@webcomponents/shadycss": {
      "version": "1.11.0",
      "resolved": "https://registry.npmjs.org/@webcomponents/shadycss/-/shadycss-1.11.0.tgz",
      "integrity": "sha512-L5O/+UPum8erOleNjKq6k58GVl3fNsEQdSOyh0EUhNmi7tHUyRuCJy1uqJiWydWcLARE5IPsMoPYMZmUGrz1JA=="
    },
    "@webcomponents/shadydom": {
      "version": "1.9.0",
      "resolved": "https://registry.npmjs.org/@webcomponents/shadydom/-/shadydom-1.9.0.tgz",
      "integrity": "sha512-1VoziSoBBsuGM3gk2nlOgLYOQLT9iG5s9ud6CxpdkYxJyGl3YWIVCsRPCXpJpdYp4/8ACkVcuD6GajRtIoJm1w=="
    },
    "@webcomponents/template": {
      "version": "1.5.0",
      "resolved": "https://registry.npmjs.org/@webcomponents/template/-/template-1.5.0.tgz",
      "integrity": "sha512-DPQgBAedzjsFD7rgv7b6OKmpHq5VTBUCLmYfDiov2FC2C79QGaz+4iNmlVAem5iSicvN8DWTwU1kZ48XYLtuqg=="
    },
    "@webcomponents/url": {
      "version": "0.7.8",
      "resolved": "https://registry.npmjs.org/@webcomponents/url/-/url-0.7.8.tgz",
      "integrity": "sha512-jx1iaJK5syGZZEhsNSqer2A8ftDiuRU6wS2kaGSz3Tk9PK9Q0OpGtsfRw7xLolXvHofo1p+Okk9m6x3QoJJtUQ=="
    },
    "@webcomponents/webcomponents-platform": {
      "version": "1.0.1",
      "resolved": "https://registry.npmjs.org/@webcomponents/webcomponents-platform/-/webcomponents-platform-1.0.1.tgz",
      "integrity": "sha512-7Ua2c3FvqAuiC2++gIoStG9r0B5sxleq8B7o0XKuIM052amWPTaCka0UMvnQRRJEsdGgRGIUv6sLkOyfhcr1dw=="
    },
    "@webcomponents/webcomponentsjs": {
      "version": "2.6.0",
      "resolved": "https://registry.npmjs.org/@webcomponents/webcomponentsjs/-/webcomponentsjs-2.6.0.tgz",
      "integrity": "sha512-Moog+Smx3ORTbWwuPqoclr+uvfLnciVd6wdCaVscHPrxbmQ/IJKm3wbB7hpzJtXWjAq2l/6QMlO85aZiOdtv5Q=="
    },
    "attr-types": {
      "version": "1.0.2",
      "resolved": "https://registry.npmjs.org/attr-types/-/attr-types-1.0.2.tgz",
      "integrity": "sha512-kmYQ6rEegpWAH0bTWfhHPKi4Coj8AUJoPhtd6FhSNFGp0GleeOWTWLo3sme3cnKXRr9YxUwTRdbbP6EcMx72+A=="
    },
    "core-js": {
      "version": "3.18.0",
      "resolved": "https://registry.npmjs.org/core-js/-/core-js-3.18.0.tgz",
      "integrity": "sha512-WJeQqq6jOYgVgg4NrXKL0KLQhi0CT4ZOCvFL+3CQ5o7I6J8HkT5wd53EadMfqTDp1so/MT1J+w2ujhWcCJtN7w=="
    },
    "create-element-x": {
      "version": "1.2.0",
      "resolved": "https://registry.npmjs.org/create-element-x/-/create-element-x-1.2.0.tgz",
      "integrity": "sha512-8kSME7X8tzdQnLFYgUaFZ62CzXnMzFIY01XaXhxgW9JaW4q/VxU0T3I06CeUOcJJdsvLZNkJh4g+yE3AQDLhRg=="
    },
    "dedent": {
      "version": "0.7.0",
      "resolved": "https://registry.npmjs.org/dedent/-/dedent-0.7.0.tgz",
      "integrity": "sha1-JJXduvbrh0q7Dhvp3yLS5aVEMmw=",
      "dev": true
    },
    "elem-dataset": {
      "version": "2.0.0",
      "resolved": "https://registry.npmjs.org/elem-dataset/-/elem-dataset-2.0.0.tgz",
      "integrity": "sha512-e7gieGopWw5dMdEgythH3lUS7nMizutPDTtkzfQW/q2gCvFnACyNnK3ytCncAXKxdBXQWcXeKaYTTODiMnp8mw=="
    },
    "hy-component": {
      "version": "1.0.0-pre.27",
      "resolved": "https://registry.npmjs.org/hy-component/-/hy-component-1.0.0-pre.27.tgz",
      "integrity": "sha512-rdMt22C/5XWta0qkWlROPKzSriH7XsAz/DBakGQoRZJWPdD02lDk3f7uzJ2XK4Q4tTZt7/eKH3lmj2pP1YMx8A==",
      "requires": {
        "attr-types": "^1.0.2",
        "jquery": "^3.3.1",
        "qd-set": "^2.0.1",
        "rxjs": "^6.2.1"
      },
      "dependencies": {
        "rxjs": {
          "version": "6.6.7",
          "resolved": "https://registry.npmjs.org/rxjs/-/rxjs-6.6.7.tgz",
          "integrity": "sha512-hTdwr+7yYNIT5n4AMYp85KA6yw2Va0FLa3Rguvbpa4W3I5xynaBZo41cM3XM+4Q6fRMj3sBYIR1VAmZMXYJvRQ==",
          "optional": true,
          "requires": {
            "tslib": "^1.9.0"
          }
        }
      }
    },
    "hy-drawer": {
      "version": "1.0.0-uvw.0",
      "resolved": "https://registry.npmjs.org/hy-drawer/-/hy-drawer-1.0.0-uvw.0.tgz",
      "integrity": "sha512-yWdEbAjUFjAub+U1/Dq1UAkymxMn98JC2Ij02DaNJ6Uu/OLJ7hc98U+uS2gfUGdLJjadEgQOeuquMA/HhRgOHg==",
      "requires": {
        "create-element-x": "^1.1.1",
        "hy-component": "^1.0.0-pre.27",
        "jquery": "^3.3.1",
        "rxjs": "^6.5.5",
        "rxjs-create-tween": "^2.0.3"
      },
      "dependencies": {
        "rxjs": {
          "version": "6.6.7",
          "resolved": "https://registry.npmjs.org/rxjs/-/rxjs-6.6.7.tgz",
          "integrity": "sha512-hTdwr+7yYNIT5n4AMYp85KA6yw2Va0FLa3Rguvbpa4W3I5xynaBZo41cM3XM+4Q6fRMj3sBYIR1VAmZMXYJvRQ==",
          "requires": {
            "tslib": "^1.9.0"
          }
        }
      }
    },
    "hy-img": {
      "version": "1.0.0-stencil.0",
      "resolved": "https://registry.npmjs.org/hy-img/-/hy-img-1.0.0-stencil.0.tgz",
      "integrity": "sha512-Edbu/ZiF3gLv48jRRFm9QMG70Y/E0LH+Qn9+1u2+xJ1W4L53lYESyH/0rkIpHk9z4HBMcOCRtRZSCrmHf+cjMA==",
      "requires": {
        "rxjs": "^6.4.0"
      },
      "dependencies": {
        "rxjs": {
          "version": "6.6.7",
          "resolved": "https://registry.npmjs.org/rxjs/-/rxjs-6.6.7.tgz",
          "integrity": "sha512-hTdwr+7yYNIT5n4AMYp85KA6yw2Va0FLa3Rguvbpa4W3I5xynaBZo41cM3XM+4Q6fRMj3sBYIR1VAmZMXYJvRQ==",
          "requires": {
            "tslib": "^1.9.0"
          }
        }
      }
    },
    "hy-push-state": {
      "version": "1.0.0-uvw.0",
      "resolved": "https://registry.npmjs.org/hy-push-state/-/hy-push-state-1.0.0-uvw.0.tgz",
      "integrity": "sha512-VL5RCt955oT4ITRZmelBZt6ftKXBc8dh+FEJbTvJpK+FhRhRPj9BugcZMq700jlTGuzrF9o+Mi3G0XNHTtTqZg==",
      "requires": {
        "hy-component": "^1.0.0-pre.27",
        "jquery": "^3.3.1",
        "rxjs": "^6.5.5"
      },
      "dependencies": {
        "rxjs": {
          "version": "6.6.7",
          "resolved": "https://registry.npmjs.org/rxjs/-/rxjs-6.6.7.tgz",
          "integrity": "sha512-hTdwr+7yYNIT5n4AMYp85KA6yw2Va0FLa3Rguvbpa4W3I5xynaBZo41cM3XM+4Q6fRMj3sBYIR1VAmZMXYJvRQ==",
          "requires": {
            "tslib": "^1.9.0"
          }
        }
      }
    },
    "intersection-observer": {
      "version": "0.12.0",
      "resolved": "https://registry.npmjs.org/intersection-observer/-/intersection-observer-0.12.0.tgz",
      "integrity": "sha512-2Vkz8z46Dv401zTWudDGwO7KiGHNDkMv417T5ItcNYfmvHR/1qCTVBO9vwH8zZmQ0WkA/1ARwpysR9bsnop4NQ=="
    },
    "jquery": {
      "version": "3.6.0",
      "resolved": "https://registry.npmjs.org/jquery/-/jquery-3.6.0.tgz",
      "integrity": "sha512-JVzAR/AjBvVt2BmYhxRCSYysDsPcssdmTFnzyLEts9qNwmjmu4JTAMYubEfwVOSwpQ1I1sKKFcxhZCI2buerfw==",
      "optional": true
    },
    "json2yaml": {
      "version": "1.1.0",
      "resolved": "https://registry.npmjs.org/json2yaml/-/json2yaml-1.1.0.tgz",
      "integrity": "sha1-VBTZB/mBZYa4DFE+wuOusquBmmw=",
      "dev": true,
      "requires": {
        "remedial": "1.x"
      }
    },
    "json3": {
      "version": "3.2.4",
      "resolved": "https://registry.npmjs.org/json3/-/json3-3.2.4.tgz",
      "integrity": "sha1-aJxYnnypNAx+5JSeDRBbxb8VnyE=",
      "dev": true
    },
    "polyfill": {
      "version": "0.1.0",
      "resolved": "https://registry.npmjs.org/polyfill/-/polyfill-0.1.0.tgz",
      "integrity": "sha1-3tUHy3aAKASDSzOF39O6LlEATD0=",
      "dev": true,
      "requires": {
        "json3": "3.2.4"
      }
    },
    "qd-set": {
      "version": "2.0.1",
      "resolved": "https://registry.npmjs.org/qd-set/-/qd-set-2.0.1.tgz",
      "integrity": "sha512-PLQh0eN0MZKUdJ2MItJz830blYVC5zeG7vozgf3zBiiB5kJzKMcIx4mLR+JXIgMIZGrzG/rHyG/TCeqOssvvSg=="
    },
    "re-template-tag": {
      "version": "2.0.1",
      "resolved": "https://registry.npmjs.org/re-template-tag/-/re-template-tag-2.0.1.tgz",
      "integrity": "sha512-TkxjSTkKDTKjSrflkkUDHd/2RDQuwoYPdrdNtTcDG0wD2EeT5FeeWe1QANwKe4BwOC5kN8a7QnvSAgSz7mRhwQ==",
      "dev": true
    },
    "regenerator-runtime": {
      "version": "0.13.9",
      "resolved": "https://registry.npmjs.org/regenerator-runtime/-/regenerator-runtime-0.13.9.tgz",
      "integrity": "sha512-p3VT+cOEgxFsRRA9X4lkI1E+k2/CtnKtU4gcxyaCUreilL/vqI6CdZ3wxVUx3UOUg+gnUOQQcRI7BmSI656MYA=="
    },
    "remedial": {
      "version": "1.0.7",
      "resolved": "https://registry.npmjs.org/remedial/-/remedial-1.0.7.tgz",
      "integrity": "sha1-1mdEE6ZWdgB74A3UAJgJh7LDAME=",
      "dev": true
    },
    "resize-observer-polyfill": {
      "version": "1.5.1",
      "resolved": "https://registry.npmjs.org/resize-observer-polyfill/-/resize-observer-polyfill-1.5.1.tgz",
      "integrity": "sha512-LwZrotdHOo12nQuZlHEmtuXdqGoOD0OhaxopaNFxWzInpEgaLWoVuAMbTzixuosCx2nEG58ngzW3vxdWoxIgdg=="
    },
    "rxjs": {
      "version": "7.3.0",
      "resolved": "https://registry.npmjs.org/rxjs/-/rxjs-7.3.0.tgz",
      "integrity": "sha512-p2yuGIg9S1epc3vrjKf6iVb3RCaAYjYskkO+jHIaV0IjOPlJop4UnodOoFb2xeNwlguqLYvGw1b1McillYb5Gw==",
      "requires": {
        "tslib": "~2.1.0"
      },
      "dependencies": {
        "tslib": {
          "version": "2.1.0",
          "resolved": "https://registry.npmjs.org/tslib/-/tslib-2.1.0.tgz",
          "integrity": "sha512-hcVC3wYEziELGGmEEXue7D75zbwIIVUMWAVbHItGPx0ziyXxrOMQx4rQEVEV45Ut/1IotuEvwqPopzIOkDMf0A=="
        }
      }
    },
    "rxjs-create-tween": {
      "version": "2.0.3",
      "resolved": "https://registry.npmjs.org/rxjs-create-tween/-/rxjs-create-tween-2.0.3.tgz",
      "integrity": "sha512-bXZ/muDk6BTLGZFrXoyIIcL6VqcDzg8jtrT+1VTdzFxPp9dZq//yum7lDkdANYKw1OTs0lSAhGRM3hmNDV3Axg=="
    },
    "smoothscroll-polyfill": {
      "version": "0.4.4",
      "resolved": "https://registry.npmjs.org/smoothscroll-polyfill/-/smoothscroll-polyfill-0.4.4.tgz",
      "integrity": "sha512-TK5ZA9U5RqCwMpfoMq/l1mrH0JAR7y7KRvOBx0n2869aLxch+gT9GhN3yUfjiw+d/DiF1mKo14+hd62JyMmoBg=="
    },
    "tslib": {
      "version": "1.14.1",
      "resolved": "https://registry.npmjs.org/tslib/-/tslib-1.14.1.tgz",
      "integrity": "sha512-Xni35NKzjgMrwevysHTCArtLDpPvye8zV/0E4EyYn43P7/7qvQwPh9BGkHewbMulVntbigmcT7rdX3BNo9wRJg=="
    },
    "web-animations-js": {
      "version": "2.3.2",
      "resolved": "https://registry.npmjs.org/web-animations-js/-/web-animations-js-2.3.2.tgz",
      "integrity": "sha512-TOMFWtQdxzjWp8qx4DAraTWTsdhxVSiWa6NkPFSaPtZ1diKUxTn4yTix73A1euG1WbSOMMPcY51cnjTIHrGtDA=="
    }
  }
}
